
Microsoft Visual Studio Solution File, Format Version 12.00
# Visual Studio 15
VisualStudioVersion = 15.0.27428.2027
MinimumVisualStudioVersion = 10.0.40219.1
Project("{9A19103F-16F7-4668-BE54-9A1E7A4F7556}") = "FunctionApp1", "FunctionApp1\FunctionApp1.csproj", "{0C19B0FF-93C6-4A3F-B017-8A6817DC0E3B}"
EndProject
Global
	GlobalSection(SolutionConfigurationPlatforms) = preSolution
		Debug|Any CPU = Debug|Any CPU
		Release|Any CPU = Release|Any CPU
	EndGlobalSection
	GlobalSection(ProjectConfigurationPlatforms) = postSolution
		{0C19B0FF-93C6-4A3F-B017-8A6817DC0E3B}.Debug|Any CPU.ActiveCfg = Debug|Any CPU
		{0C19B0FF-93C6-4A3F-B017-8A6817DC0E3B}.Debug|Any CPU.Build.0 = Debug|Any CPU
		{0C19B0FF-93C6-4A3F-B017-8A6817DC0E3B}.Release|Any CPU.ActiveCfg = Release|Any CPU
		{0C19B0FF-93C6-4A3F-B017-8A6817DC0E3B}.Release|Any CPU.Build.0 = Release|Any CPU
	EndGlobalSection
	GlobalSection(SolutionProperties) = preSolution
		HideSolutionNode = FALSE
	EndGlobalSection
	GlobalSection(ExtensibilityGlobals) = postSolution
		SolutionGuid = {0A1F1BB2-4395-4E66-84E3-20CC34C52F1B}
	EndGlobalSection
EndGlobal
